
Microsoft Visual Studio Solution File, Format Version 12.00
# Visual Studio 15
VisualStudioVersion = 15.0.28307.421
MinimumVisualStudioVersion = 10.0.40219.1
Project("{9A19103F-16F7-4668-BE54-9A1E7A4F7556}") = "OnlineFood.Infrastructure", "OnlineFood.Infrastructure\OnlineFood.Infrastructure.csproj", "{6A561287-7BDA-4FF9-AD5D-C593A435ECA2}"
EndProject
Project("{9A19103F-16F7-4668-BE54-9A1E7A4F7556}") = "OnlineFood.Domain", "OnlineFood.Domain\OnlineFood.Domain.csproj", "{F900729F-52DE-4DB1-A14E-B46838679361}"
EndProject
Project("{9A19103F-16F7-4668-BE54-9A1E7A4F7556}") = "OnlineFood.Common", "OnlineFood.Common\OnlineFood.Common.csproj", "{7AE17EED-F626-48D2-906A-8CA9E30E42F1}"
EndProject
Project("{9A19103F-16F7-4668-BE54-9A1E7A4F7556}") = "OnlineFood.Business", "OnlineFood.Business\OnlineFood.Business.csproj", "{BA9E18CA-9785-4D48-BB2C-7965AE58A839}"
EndProject
Project("{9A19103F-16F7-4668-BE54-9A1E7A4F7556}") = "OnlineFood.App", "OnlineFood.App\OnlineFood.App.csproj", "{D34FFD5E-5055-4109-A8DF-4C6E23CFC595}"
EndProject
Global
	GlobalSection(SolutionConfigurationPlatforms) = preSolution
		Debug|Any CPU = Debug|Any CPU
		Release|Any CPU = Release|Any CPU
	EndGlobalSection
	GlobalSection(ProjectConfigurationPlatforms) = postSolution
		{6A561287-7BDA-4FF9-AD5D-C593A435ECA2}.Debug|Any CPU.ActiveCfg = Debug|Any CPU
		{6A561287-7BDA-4FF9-AD5D-C593A435ECA2}.Debug|Any CPU.Build.0 = Debug|Any CPU
		{6A561287-7BDA-4FF9-AD5D-C593A435ECA2}.Release|Any CPU.ActiveCfg = Release|Any CPU
		{6A561287-7BDA-4FF9-AD5D-C593A435ECA2}.Release|Any CPU.Build.0 = Release|Any CPU
		{F900729F-52DE-4DB1-A14E-B46838679361}.Debug|Any CPU.ActiveCfg = Debug|Any CPU
		{F900729F-52DE-4DB1-A14E-B46838679361}.Debug|Any CPU.Build.0 = Debug|Any CPU
		{F900729F-52DE-4DB1-A14E-B46838679361}.Release|Any CPU.ActiveCfg = Release|Any CPU
		{F900729F-52DE-4DB1-A14E-B46838679361}.Release|Any CPU.Build.0 = Release|Any CPU
		{7AE17EED-F626-48D2-906A-8CA9E30E42F1}.Debug|Any CPU.ActiveCfg = Debug|Any CPU
		{7AE17EED-F626-48D2-906A-8CA9E30E42F1}.Debug|Any CPU.Build.0 = Debug|Any CPU
		{7AE17EED-F626-48D2-906A-8CA9E30E42F1}.Release|Any CPU.ActiveCfg = Release|Any CPU
		{7AE17EED-F626-48D2-906A-8CA9E30E42F1}.Release|Any CPU.Build.0 = Release|Any CPU
		{BA9E18CA-9785-4D48-BB2C-7965AE58A839}.Debug|Any CPU.ActiveCfg = Debug|Any CPU
		{BA9E18CA-9785-4D48-BB2C-7965AE58A839}.Debug|Any CPU.Build.0 = Debug|Any CPU
		{BA9E18CA-9785-4D48-BB2C-7965AE58A839}.Release|Any CPU.ActiveCfg = Release|Any CPU
		{BA9E18CA-9785-4D48-BB2C-7965AE58A839}.Release|Any CPU.Build.0 = Release|Any CPU
		{D34FFD5E-5055-4109-A8DF-4C6E23CFC595}.Debug|Any CPU.ActiveCfg = Debug|Any CPU
		{D34FFD5E-5055-4109-A8DF-4C6E23CFC595}.Debug|Any CPU.Build.0 = Debug|Any CPU
		{D34FFD5E-5055-4109-A8DF-4C6E23CFC595}.Release|Any CPU.ActiveCfg = Release|Any CPU
		{D34FFD5E-5055-4109-A8DF-4C6E23CFC595}.Release|Any CPU.Build.0 = Release|Any CPU
	EndGlobalSection
	GlobalSection(SolutionProperties) = preSolution
		HideSolutionNode = FALSE
	EndGlobalSection
	GlobalSection(ExtensibilityGlobals) = postSolution
		SolutionGuid = {6572A8F0-CA3F-41F1-9DF9-5F3933919608}
	EndGlobalSection
EndGlobal
